
Microsoft Visual Studio Solution File, Format Version 12.00
# Visual Studio Version 17
VisualStudioVersion = 17.6.33829.357
MinimumVisualStudioVersion = 10.0.40219.1
Project("{FAE04EC0-301F-11D3-BF4B-00C04F79EFBC}") = "ChatbotApp", "ChatbotApp.csproj", "{C34572A1-3141-4811-89FB-08B2EA3A6ECD}"
EndProject
Global
	GlobalSection(SolutionConfigurationPlatforms) = preSolution
		Debug|Any CPU = Debug|Any CPU
		Release|Any CPU = Release|Any CPU
	EndGlobalSection
	GlobalSection(ProjectConfigurationPlatforms) = postSolution
		{C34572A1-3141-4811-89FB-08B2EA3A6ECD}.Debug|Any CPU.ActiveCfg = Debug|Any CPU
		{C34572A1-3141-4811-89FB-08B2EA3A6ECD}.Debug|Any CPU.Build.0 = Debug|Any CPU
		{C34572A1-3141-4811-89FB-08B2EA3A6ECD}.Release|Any CPU.ActiveCfg = Release|Any CPU
		{C34572A1-3141-4811-89FB-08B2EA3A6ECD}.Release|Any CPU.Build.0 = Release|Any CPU
	EndGlobalSection
	GlobalSection(SolutionProperties) = preSolution
		HideSolutionNode = FALSE
	EndGlobalSection
	GlobalSection(ExtensibilityGlobals) = postSolution
		SolutionGuid = {EC9DC59E-38BE-43B0-83E4-C7BB49F2E995}
	EndGlobalSection
EndGlobal
